
Microsoft Visual Studio Solution File, Format Version 12.00
# Visual Studio Version 16
VisualStudioVersion = 16.0.31911.196
MinimumVisualStudioVersion = 10.0.40219.1
Project("{FAE04EC0-301F-11D3-BF4B-00C04F79EFBC}") = "IAMatricial", "IAMatricial\IAMatricial.csproj", "{78A31D39-7B69-4033-92D4-D36A04157A14}"
EndProject
Global
	GlobalSection(SolutionConfigurationPlatforms) = preSolution
		Debug|Any CPU = Debug|Any CPU
		Release|Any CPU = Release|Any CPU
	EndGlobalSection
	GlobalSection(ProjectConfigurationPlatforms) = postSolution
		{78A31D39-7B69-4033-92D4-D36A04157A14}.Debug|Any CPU.ActiveCfg = Debug|Any CPU
		{78A31D39-7B69-4033-92D4-D36A04157A14}.Debug|Any CPU.Build.0 = Debug|Any CPU
		{78A31D39-7B69-4033-92D4-D36A04157A14}.Release|Any CPU.ActiveCfg = Release|Any CPU
		{78A31D39-7B69-4033-92D4-D36A04157A14}.Release|Any CPU.Build.0 = Release|Any CPU
	EndGlobalSection
	GlobalSection(SolutionProperties) = preSolution
		HideSolutionNode = FALSE
	EndGlobalSection
	GlobalSection(ExtensibilityGlobals) = postSolution
		SolutionGuid = {9D844F1F-E2D2-467F-ABAB-BBFD1E559A9D}
	EndGlobalSection
EndGlobal
